
Microsoft Visual Studio Solution File, Format Version 12.00
# Visual Studio Version 17
VisualStudioVersion = 17.0.31903.59
MinimumVisualStudioVersion = 10.0.40219.1
Project("{FAE04EC0-301F-11D3-BF4B-00C04F79EFBC}") = "HW1", "HW1\HW1.csproj", "{9448ACBC-F1AA-44D5-9038-9560BC0F49E2}"
EndProject
Project("{FAE04EC0-301F-11D3-BF4B-00C04F79EFBC}") = "HW1Library", "HW1Library\HW1Library.csproj", "{F619513B-3BCC-4B06-AFB1-269221C8FA78}"
EndProject
Global
	GlobalSection(SolutionConfigurationPlatforms) = preSolution
		Debug|Any CPU = Debug|Any CPU
		Release|Any CPU = Release|Any CPU
	EndGlobalSection
	GlobalSection(SolutionProperties) = preSolution
		HideSolutionNode = FALSE
	EndGlobalSection
	GlobalSection(ProjectConfigurationPlatforms) = postSolution
		{9448ACBC-F1AA-44D5-9038-9560BC0F49E2}.Debug|Any CPU.ActiveCfg = Debug|Any CPU
		{9448ACBC-F1AA-44D5-9038-9560BC0F49E2}.Debug|Any CPU.Build.0 = Debug|Any CPU
		{9448ACBC-F1AA-44D5-9038-9560BC0F49E2}.Release|Any CPU.ActiveCfg = Release|Any CPU
		{9448ACBC-F1AA-44D5-9038-9560BC0F49E2}.Release|Any CPU.Build.0 = Release|Any CPU
		{F619513B-3BCC-4B06-AFB1-269221C8FA78}.Debug|Any CPU.ActiveCfg = Debug|Any CPU
		{F619513B-3BCC-4B06-AFB1-269221C8FA78}.Debug|Any CPU.Build.0 = Debug|Any CPU
		{F619513B-3BCC-4B06-AFB1-269221C8FA78}.Release|Any CPU.ActiveCfg = Release|Any CPU
		{F619513B-3BCC-4B06-AFB1-269221C8FA78}.Release|Any CPU.Build.0 = Release|Any CPU
	EndGlobalSection
EndGlobal
